
Microsoft Visual Studio Solution File, Format Version 12.00
Project("{FAE04EC0-301F-11D3-BF4B-00C04F79EFBC}") = "MongoCTLite", "MongoCTLite\MongoCTLite.csproj", "{1AE656E7-DAC0-42E8-9FAF-822C6632A067}"
EndProject
Project("{FAE04EC0-301F-11D3-BF4B-00C04F79EFBC}") = "MongoCTLite.Tests", "MongoCTLite.Tests\MongoCTLite.Tests.csproj", "{AEB396C0-C2AF-4E62-876C-347116151218}"
EndProject
Project("{FAE04EC0-301F-11D3-BF4B-00C04F79EFBC}") = "MongoCTLite.SourceGeneration", "MongoCTLite.SourceGeneration\MongoCTLite.SourceGeneration.csproj", "{3AA6A6B5-E318-4C93-A4CB-932F6B953849}"
EndProject
Global
	GlobalSection(SolutionConfigurationPlatforms) = preSolution
		Debug|Any CPU = Debug|Any CPU
		Release|Any CPU = Release|Any CPU
	EndGlobalSection
	GlobalSection(ProjectConfigurationPlatforms) = postSolution
		{1AE656E7-DAC0-42E8-9FAF-822C6632A067}.Debug|Any CPU.ActiveCfg = Debug|Any CPU
		{1AE656E7-DAC0-42E8-9FAF-822C6632A067}.Debug|Any CPU.Build.0 = Debug|Any CPU
		{1AE656E7-DAC0-42E8-9FAF-822C6632A067}.Release|Any CPU.ActiveCfg = Release|Any CPU
		{1AE656E7-DAC0-42E8-9FAF-822C6632A067}.Release|Any CPU.Build.0 = Release|Any CPU
		{AEB396C0-C2AF-4E62-876C-347116151218}.Debug|Any CPU.ActiveCfg = Debug|Any CPU
		{AEB396C0-C2AF-4E62-876C-347116151218}.Debug|Any CPU.Build.0 = Debug|Any CPU
		{AEB396C0-C2AF-4E62-876C-347116151218}.Release|Any CPU.ActiveCfg = Release|Any CPU
		{AEB396C0-C2AF-4E62-876C-347116151218}.Release|Any CPU.Build.0 = Release|Any CPU
		{3AA6A6B5-E318-4C93-A4CB-932F6B953849}.Debug|Any CPU.ActiveCfg = Debug|Any CPU
		{3AA6A6B5-E318-4C93-A4CB-932F6B953849}.Debug|Any CPU.Build.0 = Debug|Any CPU
		{3AA6A6B5-E318-4C93-A4CB-932F6B953849}.Release|Any CPU.ActiveCfg = Release|Any CPU
		{3AA6A6B5-E318-4C93-A4CB-932F6B953849}.Release|Any CPU.Build.0 = Release|Any CPU
	EndGlobalSection
EndGlobal
